
Microsoft Visual Studio Solution File, Format Version 12.00
# Visual Studio 15
VisualStudioVersion = 15.0.28010.2016
MinimumVisualStudioVersion = 10.0.40219.1
Project("{FAE04EC0-301F-11D3-BF4B-00C04F79EFBC}") = "myEmp", "myEmp\myEmp.csproj", "{676A2F21-7818-4DBD-AFD2-55B478D821BA}"
EndProject
Global
	GlobalSection(SolutionConfigurationPlatforms) = preSolution
		Debug|Any CPU = Debug|Any CPU
		Release|Any CPU = Release|Any CPU
	EndGlobalSection
	GlobalSection(ProjectConfigurationPlatforms) = postSolution
		{676A2F21-7818-4DBD-AFD2-55B478D821BA}.Debug|Any CPU.ActiveCfg = Debug|Any CPU
		{676A2F21-7818-4DBD-AFD2-55B478D821BA}.Debug|Any CPU.Build.0 = Debug|Any CPU
		{676A2F21-7818-4DBD-AFD2-55B478D821BA}.Release|Any CPU.ActiveCfg = Release|Any CPU
		{676A2F21-7818-4DBD-AFD2-55B478D821BA}.Release|Any CPU.Build.0 = Release|Any CPU
	EndGlobalSection
	GlobalSection(SolutionProperties) = preSolution
		HideSolutionNode = FALSE
	EndGlobalSection
	GlobalSection(ExtensibilityGlobals) = postSolution
		SolutionGuid = {685C385E-2ED7-462A-923F-8CC6442B70E0}
	EndGlobalSection
EndGlobal
